
Microsoft Visual Studio Solution File, Format Version 12.00
# Visual Studio Version 16
VisualStudioVersion = 16.0.31005.135
MinimumVisualStudioVersion = 10.0.40219.1
Project("{FAE04EC0-301F-11D3-BF4B-00C04F79EFBC}") = "CHAT", "CHAT\CHAT.csproj", "{0C5B0C54-997C-44AD-B0DE-AB3FEAB52838}"
EndProject
Project("{FAE04EC0-301F-11D3-BF4B-00C04F79EFBC}") = "ChatHost", "ChatHost\ChatHost.csproj", "{1E9CCE9E-414E-46DE-8162-88F9862328F6}"
EndProject
Project("{FAE04EC0-301F-11D3-BF4B-00C04F79EFBC}") = "ChatClient", "ChatClient\ChatClient.csproj", "{91831780-1F4B-4BEC-B378-89719ED174E3}"
EndProject
Global
	GlobalSection(SolutionConfigurationPlatforms) = preSolution
		Debug|Any CPU = Debug|Any CPU
		Release|Any CPU = Release|Any CPU
	EndGlobalSection
	GlobalSection(ProjectConfigurationPlatforms) = postSolution
		{0C5B0C54-997C-44AD-B0DE-AB3FEAB52838}.Debug|Any CPU.ActiveCfg = Debug|Any CPU
		{0C5B0C54-997C-44AD-B0DE-AB3FEAB52838}.Debug|Any CPU.Build.0 = Debug|Any CPU
		{0C5B0C54-997C-44AD-B0DE-AB3FEAB52838}.Release|Any CPU.ActiveCfg = Release|Any CPU
		{0C5B0C54-997C-44AD-B0DE-AB3FEAB52838}.Release|Any CPU.Build.0 = Release|Any CPU
		{1E9CCE9E-414E-46DE-8162-88F9862328F6}.Debug|Any CPU.ActiveCfg = Debug|Any CPU
		{1E9CCE9E-414E-46DE-8162-88F9862328F6}.Debug|Any CPU.Build.0 = Debug|Any CPU
		{1E9CCE9E-414E-46DE-8162-88F9862328F6}.Release|Any CPU.ActiveCfg = Release|Any CPU
		{1E9CCE9E-414E-46DE-8162-88F9862328F6}.Release|Any CPU.Build.0 = Release|Any CPU
		{91831780-1F4B-4BEC-B378-89719ED174E3}.Debug|Any CPU.ActiveCfg = Debug|Any CPU
		{91831780-1F4B-4BEC-B378-89719ED174E3}.Debug|Any CPU.Build.0 = Debug|Any CPU
		{91831780-1F4B-4BEC-B378-89719ED174E3}.Release|Any CPU.ActiveCfg = Release|Any CPU
		{91831780-1F4B-4BEC-B378-89719ED174E3}.Release|Any CPU.Build.0 = Release|Any CPU
	EndGlobalSection
	GlobalSection(SolutionProperties) = preSolution
		HideSolutionNode = FALSE
	EndGlobalSection
	GlobalSection(ExtensibilityGlobals) = postSolution
		SolutionGuid = {AF51199A-BB4B-4828-9374-CDC1A5DAA670}
	EndGlobalSection
EndGlobal
